
Microsoft Visual Studio Solution File, Format Version 12.00
# Visual Studio for Mac
Project("{FAE04EC0-301F-11D3-BF4B-00C04F79EFBC}") = "Assembly-CSharp", "Assembly-CSharp.csproj", "{1DD292E0-DE71-A962-20D4-C6629B6E28BB}"
EndProject
Project("{FAE04EC0-301F-11D3-BF4B-00C04F79EFBC}") = "Assembly-CSharp-Editor", "Assembly-CSharp-Editor.csproj", "{5268EA36-0E3C-19B8-DBDE-C61F39555289}"
EndProject
Global
	GlobalSection(SolutionConfigurationPlatforms) = preSolution
		Debug|Any CPU = Debug|Any CPU
		Release|Any CPU = Release|Any CPU
	EndGlobalSection
	GlobalSection(ProjectConfigurationPlatforms) = postSolution
		{1DD292E0-DE71-A962-20D4-C6629B6E28BB}.Debug|Any CPU.ActiveCfg = Debug|Any CPU
		{1DD292E0-DE71-A962-20D4-C6629B6E28BB}.Debug|Any CPU.Build.0 = Debug|Any CPU
		{1DD292E0-DE71-A962-20D4-C6629B6E28BB}.Release|Any CPU.ActiveCfg = Release|Any CPU
		{1DD292E0-DE71-A962-20D4-C6629B6E28BB}.Release|Any CPU.Build.0 = Release|Any CPU
		{5268EA36-0E3C-19B8-DBDE-C61F39555289}.Debug|Any CPU.ActiveCfg = Debug|Any CPU
		{5268EA36-0E3C-19B8-DBDE-C61F39555289}.Debug|Any CPU.Build.0 = Debug|Any CPU
		{5268EA36-0E3C-19B8-DBDE-C61F39555289}.Release|Any CPU.ActiveCfg = Release|Any CPU
		{5268EA36-0E3C-19B8-DBDE-C61F39555289}.Release|Any CPU.Build.0 = Release|Any CPU
	EndGlobalSection
	GlobalSection(SolutionProperties) = preSolution
		HideSolutionNode = FALSE
	EndGlobalSection
EndGlobal
