
Microsoft Visual Studio Solution File, Format Version 12.00
# Visual Studio for Mac
Project("{FAE04EC0-301F-11D3-BF4B-00C04F79EFBC}") = "Assembly-CSharp", "Assembly-CSharp.csproj", "{A5A8E3A5-2D95-E7D6-BDF2-E5A2807DFA0C}"
EndProject
Project("{FAE04EC0-301F-11D3-BF4B-00C04F79EFBC}") = "Assembly-CSharp-Editor", "Assembly-CSharp-Editor.csproj", "{8A6766CE-432D-51F5-0E44-262A7F413985}"
EndProject
Global
	GlobalSection(SolutionConfigurationPlatforms) = preSolution
		Debug|Any CPU = Debug|Any CPU
		Release|Any CPU = Release|Any CPU
	EndGlobalSection
	GlobalSection(ProjectConfigurationPlatforms) = postSolution
		{A5A8E3A5-2D95-E7D6-BDF2-E5A2807DFA0C}.Debug|Any CPU.ActiveCfg = Debug|Any CPU
		{A5A8E3A5-2D95-E7D6-BDF2-E5A2807DFA0C}.Debug|Any CPU.Build.0 = Debug|Any CPU
		{A5A8E3A5-2D95-E7D6-BDF2-E5A2807DFA0C}.Release|Any CPU.ActiveCfg = Release|Any CPU
		{A5A8E3A5-2D95-E7D6-BDF2-E5A2807DFA0C}.Release|Any CPU.Build.0 = Release|Any CPU
		{8A6766CE-432D-51F5-0E44-262A7F413985}.Debug|Any CPU.ActiveCfg = Debug|Any CPU
		{8A6766CE-432D-51F5-0E44-262A7F413985}.Debug|Any CPU.Build.0 = Debug|Any CPU
		{8A6766CE-432D-51F5-0E44-262A7F413985}.Release|Any CPU.ActiveCfg = Release|Any CPU
		{8A6766CE-432D-51F5-0E44-262A7F413985}.Release|Any CPU.Build.0 = Release|Any CPU
	EndGlobalSection
	GlobalSection(SolutionProperties) = preSolution
		HideSolutionNode = FALSE
	EndGlobalSection
EndGlobal
